{
  "name": "node-stream-example",
  "version": "1.0.0",
  "lockfileVersion": 1,
  "requires": true,
  "dependencies": {
    "negotiator": {
      "version": "0.2.8",
      "resolved": "https://registry.npmjs.org/negotiator/-/negotiator-0.2.8.tgz",
      "integrity": "sha1-rf0gejh1xNNwlXKcLnwoPFui7nI="
    },
    "oppressor": {
      "version": "0.0.1",
      "resolved": "https://registry.npmjs.org/oppressor/-/oppressor-0.0.1.tgz",
      "integrity": "sha1-hLIFjJEhxMb+YyVmsx7Tlhi9j+s=",
      "requires": {
        "negotiator": "~0.2.5",
        "response-stream": "~0.0.0",
        "through": "~0.1.4"
      }
    },
    "response-stream": {
      "version": "0.0.0",
      "resolved": "https://registry.npmjs.org/response-stream/-/response-stream-0.0.0.tgz",
      "integrity": "sha1-2ksXzHaEyYyWK+tNlfZoyNytCdU="
    },
    "through": {
      "version": "0.1.4",
      "resolved": "https://registry.npmjs.org/through/-/through-0.1.4.tgz",
      "integrity": "sha1-gFlXbYMwibPBjszTdYC/nMW1kTA="
    },
    "zlib": {
      "version": "1.0.5",
      "resolved": "https://registry.npmjs.org/zlib/-/zlib-1.0.5.tgz",
      "integrity": "sha1-bnyXL8NxxkWmr7A6sUdp3vEU/MA="
    }
  }
}
